
Microsoft Visual Studio Solution File, Format Version 12.00
# Visual Studio 15
VisualStudioVersion = 15.0.28307.329
MinimumVisualStudioVersion = 10.0.40219.1
Project("{FAE04EC0-301F-11D3-BF4B-00C04F79EFBC}") = "Task1", "ConsoleApp2\Task1.csproj", "{1A9105A8-01C9-4CEE-A596-68CA8BF03348}"
EndProject
Global
	GlobalSection(SolutionConfigurationPlatforms) = preSolution
		Debug|Any CPU = Debug|Any CPU
		Release|Any CPU = Release|Any CPU
	EndGlobalSection
	GlobalSection(ProjectConfigurationPlatforms) = postSolution
		{1A9105A8-01C9-4CEE-A596-68CA8BF03348}.Debug|Any CPU.ActiveCfg = Debug|Any CPU
		{1A9105A8-01C9-4CEE-A596-68CA8BF03348}.Debug|Any CPU.Build.0 = Debug|Any CPU
		{1A9105A8-01C9-4CEE-A596-68CA8BF03348}.Release|Any CPU.ActiveCfg = Release|Any CPU
		{1A9105A8-01C9-4CEE-A596-68CA8BF03348}.Release|Any CPU.Build.0 = Release|Any CPU
	EndGlobalSection
	GlobalSection(SolutionProperties) = preSolution
		HideSolutionNode = FALSE
	EndGlobalSection
	GlobalSection(ExtensibilityGlobals) = postSolution
		SolutionGuid = {86DDC7AB-D581-46DC-9CBD-CE7A9DD5497F}
	EndGlobalSection
EndGlobal
